
Microsoft Visual Studio Solution File, Format Version 12.00
# Visual Studio Version 17
VisualStudioVersion = 17.7.34031.279
MinimumVisualStudioVersion = 10.0.40219.1
Project("{FAE04EC0-301F-11D3-BF4B-00C04F79EFBC}") = "LAB-MID", "LAB-MID\LAB-MID.csproj", "{6E753FB4-C1CD-4344-968B-9716A0DBBBA5}"
EndProject
Global
	GlobalSection(SolutionConfigurationPlatforms) = preSolution
		Debug|Any CPU = Debug|Any CPU
		Release|Any CPU = Release|Any CPU
	EndGlobalSection
	GlobalSection(ProjectConfigurationPlatforms) = postSolution
		{6E753FB4-C1CD-4344-968B-9716A0DBBBA5}.Debug|Any CPU.ActiveCfg = Debug|Any CPU
		{6E753FB4-C1CD-4344-968B-9716A0DBBBA5}.Debug|Any CPU.Build.0 = Debug|Any CPU
		{6E753FB4-C1CD-4344-968B-9716A0DBBBA5}.Release|Any CPU.ActiveCfg = Release|Any CPU
		{6E753FB4-C1CD-4344-968B-9716A0DBBBA5}.Release|Any CPU.Build.0 = Release|Any CPU
	EndGlobalSection
	GlobalSection(SolutionProperties) = preSolution
		HideSolutionNode = FALSE
	EndGlobalSection
	GlobalSection(ExtensibilityGlobals) = postSolution
		SolutionGuid = {94626DA2-33E7-4883-BE03-935618B45237}
	EndGlobalSection
EndGlobal
